
Microsoft Visual Studio Solution File, Format Version 12.00
# Visual Studio Version 17
VisualStudioVersion = 17.14.36414.22
MinimumVisualStudioVersion = 10.0.40219.1
Project("{2150E333-8FDC-42A3-9474-1A3956D46DE8}") = "Task0", "Task0", "{02EA681E-C7D8-13C7-8484-4AC65E1B71E8}"
EndProject
Project("{FAE04EC0-301F-11D3-BF4B-00C04F79EFBC}") = "Tyuiu.AlekseevaVA.Sprint0.Task0.V0", "Tyuiu.AlekseevaVA.Sprint0.Task0.V0\Tyuiu.AlekseevaVA.Sprint0.Task0.V0.csproj", "{B07F73B9-1136-46A3-AC31-B106D6F66C86}"
EndProject
Project("{2150E333-8FDC-42A3-9474-1A3956D46DE8}") = "Task1", "Task1", "{5591714C-195D-40A3-907F-8DBA72F0FE0E}"
EndProject
Project("{FAE04EC0-301F-11D3-BF4B-00C04F79EFBC}") = "Tyuiu.AlekseevaVA.Sprint0.Task1.V0", "Tyuiu.AlekseevaVA.Sprint0.Task1.V0\Tyuiu.AlekseevaVA.Sprint0.Task1.V0.csproj", "{FD53AEAC-9542-4798-AD83-8F7029C39F63}"
EndProject
Project("{2150E333-8FDC-42A3-9474-1A3956D46DE8}") = "Task2", "Task2", "{8CA2E168-90ED-4BE5-BB46-BBCB4652AA0B}"
EndProject
Project("{FAE04EC0-301F-11D3-BF4B-00C04F79EFBC}") = "Tyuiu.AlekseevaVA.Sprint0.Task2.V0", "Tyuiu.AlekseevaVA.Sprint0.Task2.V0\Tyuiu.AlekseevaVA.Sprint0.Task2.V0.csproj", "{95CD4C22-8078-4180-A602-D2892850E9D0}"
EndProject
Project("{FAE04EC0-301F-11D3-BF4B-00C04F79EFBC}") = "Tyuiu.AlekseevaVA.Sprint0.Task2.V0.Lib", "Tyuiu.AlekseevaVA.Sprint0.Task2.V0.Lib\Tyuiu.AlekseevaVA.Sprint0.Task2.V0.Lib.csproj", "{3AE88CBD-9A01-4FE7-B429-FEA361618745}"
EndProject
Project("{FAE04EC0-301F-11D3-BF4B-00C04F79EFBC}") = "Tyuiu.AlekseevaVA.Sprint0.Task2.V0.Test", "Tyuiu.AlekseevaVA.Sprint0.Task2.V0.Test\Tyuiu.AlekseevaVA.Sprint0.Task2.V0.Test.csproj", "{C19D63B4-4C0C-4354-AE0C-98643359028F}"
EndProject
Project("{2150E333-8FDC-42A3-9474-1A3956D46DE8}") = "Task3", "Task3", "{AC5EBA7B-602B-41A4-BF10-E952686731CA}"
EndProject
Project("{FAE04EC0-301F-11D3-BF4B-00C04F79EFBC}") = "Tyuiu.AlekseevaVA.Sprint0.Task3.V0", "Tyuiu.AlekseevaVA.Sprint0.Task3.V0\Tyuiu.AlekseevaVA.Sprint0.Task3.V0.csproj", "{F5A2619F-AC4F-4AD2-BE6C-FDE3A4D271E5}"
EndProject
Project("{FAE04EC0-301F-11D3-BF4B-00C04F79EFBC}") = "Tyuiu.AlekseevaVA.Sprint0.Task3.V0.Lib", "Tyuiu.AlekseevaVA.Sprint0.Task3.V0.Lib\Tyuiu.AlekseevaVA.Sprint0.Task3.V0.Lib.csproj", "{84D12477-CC45-4C42-927A-E8F464452DD7}"
EndProject
Project("{FAE04EC0-301F-11D3-BF4B-00C04F79EFBC}") = "Tyuiu.AlekseevaVA.Sprint0.Task3.V0.Test", "Tyuiu.AlekseevaVA.Sprint0.Task3.V0.Test\Tyuiu.AlekseevaVA.Sprint0.Task3.V0.Test.csproj", "{585CEB7A-57BC-4DA4-8A93-0F58C928BF4E}"
EndProject
Project("{2150E333-8FDC-42A3-9474-1A3956D46DE8}") = "Task4", "Task4", "{D89D67C2-E8AF-4259-8E08-163510806AE1}"
EndProject
Project("{FAE04EC0-301F-11D3-BF4B-00C04F79EFBC}") = "Tyuiu.AlekseevaVA.Sprint0.Task4.V0", "Tyuiu.AlekseevaVA.Sprint0.Task4.V0\Tyuiu.AlekseevaVA.Sprint0.Task4.V0.csproj", "{466A7B48-84A2-4A0C-86A3-424585A60909}"
EndProject
Project("{FAE04EC0-301F-11D3-BF4B-00C04F79EFBC}") = "Tyuiu.AlekseevaVA.Sprint0.Task4.V0.Lib", "Tyuiu.AlekseevaVA.Sprint0.Task4.V0.Lib\Tyuiu.AlekseevaVA.Sprint0.Task4.V0.Lib.csproj", "{405014EE-1088-4C0A-A3AF-C3923A07F10E}"
EndProject
Project("{FAE04EC0-301F-11D3-BF4B-00C04F79EFBC}") = "Tyuiu.AlekseevaVA.Sprint0.Task4.V0.Test", "Tyuiu.AlekseevaVA.Sprint0.Task4.V0.Test\Tyuiu.AlekseevaVA.Sprint0.Task4.V0.Test.csproj", "{02BA2235-8BB6-4674-AA94-909F802E81AB}"
EndProject
Project("{2150E333-8FDC-42A3-9474-1A3956D46DE8}") = "Task5", "Task5", "{FB2AE85C-9477-424D-B68D-2ED521CDDDCA}"
EndProject
Project("{FAE04EC0-301F-11D3-BF4B-00C04F79EFBC}") = "Tyuiu.AlekseevaVA.Sprint0.Task5.V0", "Tyuiu.AlekseevaVA.Sprint0.Task5.V0\Tyuiu.AlekseevaVA.Sprint0.Task5.V0.csproj", "{34EE8DC0-B7DC-4E71-AE23-E6AADA932D66}"
EndProject
Project("{FAE04EC0-301F-11D3-BF4B-00C04F79EFBC}") = "Tyuiu.AlekseevaVA.Sprint0.Task5.V0.Lib", "Tyuiu.AlekseevaVA.Sprint0.Task5.V0.Lib\Tyuiu.AlekseevaVA.Sprint0.Task5.V0.Lib.csproj", "{E85442F0-0738-440E-BCB2-3D46636BC751}"
EndProject
Project("{FAE04EC0-301F-11D3-BF4B-00C04F79EFBC}") = "Tyuiu.AlekseevaVA.Sprint0.Task5.V0.Test", "Tyuiu.AlekseevaVA.Sprint0.Task5.V0.Test\Tyuiu.AlekseevaVA.Sprint0.Task5.V0.Test.csproj", "{0E67ED11-F622-4D59-BFC9-DA460BBA68B4}"
EndProject
Project("{2150E333-8FDC-42A3-9474-1A3956D46DE8}") = "Task6", "Task6", "{B1A23B54-C370-49C3-8626-57D57B4DE4AF}"
EndProject
Project("{FAE04EC0-301F-11D3-BF4B-00C04F79EFBC}") = "Tyuiu.AlekseevaVA.Sprint0.Task6.V0", "Tyuiu.AlekseevaVA.Sprint0.Task6.V0\Tyuiu.AlekseevaVA.Sprint0.Task6.V0.csproj", "{9C0594ED-1CC7-436F-97B8-916022B04B16}"
EndProject
Project("{FAE04EC0-301F-11D3-BF4B-00C04F79EFBC}") = "Tyuiu.AlekseevaVA.Sprint0.Task6.V0.Lib", "Tyuiu.AlekseevaVA.Sprint0.Task6.V0.Lib\Tyuiu.AlekseevaVA.Sprint0.Task6.V0.Lib.csproj", "{939E5AB6-291D-4576-BFBD-0C7827A65CC8}"
EndProject
Project("{FAE04EC0-301F-11D3-BF4B-00C04F79EFBC}") = "Tyuiu.AlekseevaVA.Sprint0.Task6.V0.Test", "Tyuiu.AlekseevaVA.Sprint0.Task6.V0.Test\Tyuiu.AlekseevaVA.Sprint0.Task6.V0.Test.csproj", "{DCCE19F3-0A21-479B-8EA7-DEE6D5BA50FA}"
EndProject
Project("{2150E333-8FDC-42A3-9474-1A3956D46DE8}") = "Task7", "Task7", "{2520D408-2E42-4410-9C17-777B36B58026}"
EndProject
Project("{FAE04EC0-301F-11D3-BF4B-00C04F79EFBC}") = "Tyuiu.AlekseevaVA.Sprint0.Task7.V0", "Tyuiu.AlekseevaVA.Sprint0.Task7.V0\Tyuiu.AlekseevaVA.Sprint0.Task7.V0.csproj", "{EE9DF285-837A-4FCA-B276-EE5C9AA49F99}"
EndProject
Project("{FAE04EC0-301F-11D3-BF4B-00C04F79EFBC}") = "Tyuiu.AlekseevaVA.Sprint0.Task7.V0.Lib", "Tyuiu.AlekseevaVA.Sprint0.Task7.V0.Lib\Tyuiu.AlekseevaVA.Sprint0.Task7.V0.Lib.csproj", "{7AFCCF5E-6174-47BC-814E-7D9496F5B8C6}"
EndProject
Project("{FAE04EC0-301F-11D3-BF4B-00C04F79EFBC}") = "Tyuiu.AlekseevaVA.Sprint0.Task7.V0.Test", "Tyuiu.AlekseevaVA.Sprint0.Task7.V0.Test\Tyuiu.AlekseevaVA.Sprint0.Task7.V0.Test.csproj", "{3CE3C081-195C-432B-A17B-33FF4D85B33A}"
EndProject
Global
	GlobalSection(SolutionConfigurationPlatforms) = preSolution
		Debug|Any CPU = Debug|Any CPU
		Release|Any CPU = Release|Any CPU
	EndGlobalSection
	GlobalSection(ProjectConfigurationPlatforms) = postSolution
		{B07F73B9-1136-46A3-AC31-B106D6F66C86}.Debug|Any CPU.ActiveCfg = Debug|Any CPU
		{B07F73B9-1136-46A3-AC31-B106D6F66C86}.Debug|Any CPU.Build.0 = Debug|Any CPU
		{B07F73B9-1136-46A3-AC31-B106D6F66C86}.Release|Any CPU.ActiveCfg = Release|Any CPU
		{B07F73B9-1136-46A3-AC31-B106D6F66C86}.Release|Any CPU.Build.0 = Release|Any CPU
		{FD53AEAC-9542-4798-AD83-8F7029C39F63}.Debug|Any CPU.ActiveCfg = Debug|Any CPU
		{FD53AEAC-9542-4798-AD83-8F7029C39F63}.Debug|Any CPU.Build.0 = Debug|Any CPU
		{FD53AEAC-9542-4798-AD83-8F7029C39F63}.Release|Any CPU.ActiveCfg = Release|Any CPU
		{FD53AEAC-9542-4798-AD83-8F7029C39F63}.Release|Any CPU.Build.0 = Release|Any CPU
		{95CD4C22-8078-4180-A602-D2892850E9D0}.Debug|Any CPU.ActiveCfg = Debug|Any CPU
		{95CD4C22-8078-4180-A602-D2892850E9D0}.Debug|Any CPU.Build.0 = Debug|Any CPU
		{95CD4C22-8078-4180-A602-D2892850E9D0}.Release|Any CPU.ActiveCfg = Release|Any CPU
		{95CD4C22-8078-4180-A602-D2892850E9D0}.Release|Any CPU.Build.0 = Release|Any CPU
		{3AE88CBD-9A01-4FE7-B429-FEA361618745}.Debug|Any CPU.ActiveCfg = Debug|Any CPU
		{3AE88CBD-9A01-4FE7-B429-FEA361618745}.Debug|Any CPU.Build.0 = Debug|Any CPU
		{3AE88CBD-9A01-4FE7-B429-FEA361618745}.Release|Any CPU.ActiveCfg = Release|Any CPU
		{3AE88CBD-9A01-4FE7-B429-FEA361618745}.Release|Any CPU.Build.0 = Release|Any CPU
		{C19D63B4-4C0C-4354-AE0C-98643359028F}.Debug|Any CPU.ActiveCfg = Debug|Any CPU
		{C19D63B4-4C0C-4354-AE0C-98643359028F}.Debug|Any CPU.Build.0 = Debug|Any CPU
		{C19D63B4-4C0C-4354-AE0C-98643359028F}.Release|Any CPU.ActiveCfg = Release|Any CPU
		{C19D63B4-4C0C-4354-AE0C-98643359028F}.Release|Any CPU.Build.0 = Release|Any CPU
		{F5A2619F-AC4F-4AD2-BE6C-FDE3A4D271E5}.Debug|Any CPU.ActiveCfg = Debug|Any CPU
		{F5A2619F-AC4F-4AD2-BE6C-FDE3A4D271E5}.Debug|Any CPU.Build.0 = Debug|Any CPU
		{F5A2619F-AC4F-4AD2-BE6C-FDE3A4D271E5}.Release|Any CPU.ActiveCfg = Release|Any CPU
		{F5A2619F-AC4F-4AD2-BE6C-FDE3A4D271E5}.Release|Any CPU.Build.0 = Release|Any CPU
		{84D12477-CC45-4C42-927A-E8F464452DD7}.Debug|Any CPU.ActiveCfg = Debug|Any CPU
		{84D12477-CC45-4C42-927A-E8F464452DD7}.Debug|Any CPU.Build.0 = Debug|Any CPU
		{84D12477-CC45-4C42-927A-E8F464452DD7}.Release|Any CPU.ActiveCfg = Release|Any CPU
		{84D12477-CC45-4C42-927A-E8F464452DD7}.Release|Any CPU.Build.0 = Release|Any CPU
		{585CEB7A-57BC-4DA4-8A93-0F58C928BF4E}.Debug|Any CPU.ActiveCfg = Debug|Any CPU
		{585CEB7A-57BC-4DA4-8A93-0F58C928BF4E}.Debug|Any CPU.Build.0 = Debug|Any CPU
		{585CEB7A-57BC-4DA4-8A93-0F58C928BF4E}.Release|Any CPU.ActiveCfg = Release|Any CPU
		{585CEB7A-57BC-4DA4-8A93-0F58C928BF4E}.Release|Any CPU.Build.0 = Release|Any CPU
		{466A7B48-84A2-4A0C-86A3-424585A60909}.Debug|Any CPU.ActiveCfg = Debug|Any CPU
		{466A7B48-84A2-4A0C-86A3-424585A60909}.Debug|Any CPU.Build.0 = Debug|Any CPU
		{466A7B48-84A2-4A0C-86A3-424585A60909}.Release|Any CPU.ActiveCfg = Release|Any CPU
		{466A7B48-84A2-4A0C-86A3-424585A60909}.Release|Any CPU.Build.0 = Release|Any CPU
		{405014EE-1088-4C0A-A3AF-C3923A07F10E}.Debug|Any CPU.ActiveCfg = Debug|Any CPU
		{405014EE-1088-4C0A-A3AF-C3923A07F10E}.Debug|Any CPU.Build.0 = Debug|Any CPU
		{405014EE-1088-4C0A-A3AF-C3923A07F10E}.Release|Any CPU.ActiveCfg = Release|Any CPU
		{405014EE-1088-4C0A-A3AF-C3923A07F10E}.Release|Any CPU.Build.0 = Release|Any CPU
		{02BA2235-8BB6-4674-AA94-909F802E81AB}.Debug|Any CPU.ActiveCfg = Debug|Any CPU
		{02BA2235-8BB6-4674-AA94-909F802E81AB}.Debug|Any CPU.Build.0 = Debug|Any CPU
		{02BA2235-8BB6-4674-AA94-909F802E81AB}.Release|Any CPU.ActiveCfg = Release|Any CPU
		{02BA2235-8BB6-4674-AA94-909F802E81AB}.Release|Any CPU.Build.0 = Release|Any CPU
		{34EE8DC0-B7DC-4E71-AE23-E6AADA932D66}.Debug|Any CPU.ActiveCfg = Debug|Any CPU
		{34EE8DC0-B7DC-4E71-AE23-E6AADA932D66}.Debug|Any CPU.Build.0 = Debug|Any CPU
		{34EE8DC0-B7DC-4E71-AE23-E6AADA932D66}.Release|Any CPU.ActiveCfg = Release|Any CPU
		{34EE8DC0-B7DC-4E71-AE23-E6AADA932D66}.Release|Any CPU.Build.0 = Release|Any CPU
		{E85442F0-0738-440E-BCB2-3D46636BC751}.Debug|Any CPU.ActiveCfg = Debug|Any CPU
		{E85442F0-0738-440E-BCB2-3D46636BC751}.Debug|Any CPU.Build.0 = Debug|Any CPU
		{E85442F0-0738-440E-BCB2-3D46636BC751}.Release|Any CPU.ActiveCfg = Release|Any CPU
		{E85442F0-0738-440E-BCB2-3D46636BC751}.Release|Any CPU.Build.0 = Release|Any CPU
		{0E67ED11-F622-4D59-BFC9-DA460BBA68B4}.Debug|Any CPU.ActiveCfg = Debug|Any CPU
		{0E67ED11-F622-4D59-BFC9-DA460BBA68B4}.Debug|Any CPU.Build.0 = Debug|Any CPU
		{0E67ED11-F622-4D59-BFC9-DA460BBA68B4}.Release|Any CPU.ActiveCfg = Release|Any CPU
		{0E67ED11-F622-4D59-BFC9-DA460BBA68B4}.Release|Any CPU.Build.0 = Release|Any CPU
		{9C0594ED-1CC7-436F-97B8-916022B04B16}.Debug|Any CPU.ActiveCfg = Debug|Any CPU
		{9C0594ED-1CC7-436F-97B8-916022B04B16}.Debug|Any CPU.Build.0 = Debug|Any CPU
		{9C0594ED-1CC7-436F-97B8-916022B04B16}.Release|Any CPU.ActiveCfg = Release|Any CPU
		{9C0594ED-1CC7-436F-97B8-916022B04B16}.Release|Any CPU.Build.0 = Release|Any CPU
		{939E5AB6-291D-4576-BFBD-0C7827A65CC8}.Debug|Any CPU.ActiveCfg = Debug|Any CPU
		{939E5AB6-291D-4576-BFBD-0C7827A65CC8}.Debug|Any CPU.Build.0 = Debug|Any CPU
		{939E5AB6-291D-4576-BFBD-0C7827A65CC8}.Release|Any CPU.ActiveCfg = Release|Any CPU
		{939E5AB6-291D-4576-BFBD-0C7827A65CC8}.Release|Any CPU.Build.0 = Release|Any CPU
		{DCCE19F3-0A21-479B-8EA7-DEE6D5BA50FA}.Debug|Any CPU.ActiveCfg = Debug|Any CPU
		{DCCE19F3-0A21-479B-8EA7-DEE6D5BA50FA}.Debug|Any CPU.Build.0 = Debug|Any CPU
		{DCCE19F3-0A21-479B-8EA7-DEE6D5BA50FA}.Release|Any CPU.ActiveCfg = Release|Any CPU
		{DCCE19F3-0A21-479B-8EA7-DEE6D5BA50FA}.Release|Any CPU.Build.0 = Release|Any CPU
		{EE9DF285-837A-4FCA-B276-EE5C9AA49F99}.Debug|Any CPU.ActiveCfg = Debug|Any CPU
		{EE9DF285-837A-4FCA-B276-EE5C9AA49F99}.Debug|Any CPU.Build.0 = Debug|Any CPU
		{EE9DF285-837A-4FCA-B276-EE5C9AA49F99}.Release|Any CPU.ActiveCfg = Release|Any CPU
		{EE9DF285-837A-4FCA-B276-EE5C9AA49F99}.Release|Any CPU.Build.0 = Release|Any CPU
		{7AFCCF5E-6174-47BC-814E-7D9496F5B8C6}.Debug|Any CPU.ActiveCfg = Debug|Any CPU
		{7AFCCF5E-6174-47BC-814E-7D9496F5B8C6}.Debug|Any CPU.Build.0 = Debug|Any CPU
		{7AFCCF5E-6174-47BC-814E-7D9496F5B8C6}.Release|Any CPU.ActiveCfg = Release|Any CPU
		{7AFCCF5E-6174-47BC-814E-7D9496F5B8C6}.Release|Any CPU.Build.0 = Release|Any CPU
		{3CE3C081-195C-432B-A17B-33FF4D85B33A}.Debug|Any CPU.ActiveCfg = Debug|Any CPU
		{3CE3C081-195C-432B-A17B-33FF4D85B33A}.Debug|Any CPU.Build.0 = Debug|Any CPU
		{3CE3C081-195C-432B-A17B-33FF4D85B33A}.Release|Any CPU.ActiveCfg = Release|Any CPU
		{3CE3C081-195C-432B-A17B-33FF4D85B33A}.Release|Any CPU.Build.0 = Release|Any CPU
	EndGlobalSection
	GlobalSection(SolutionProperties) = preSolution
		HideSolutionNode = FALSE
	EndGlobalSection
	GlobalSection(NestedProjects) = preSolution
		{B07F73B9-1136-46A3-AC31-B106D6F66C86} = {02EA681E-C7D8-13C7-8484-4AC65E1B71E8}
		{FD53AEAC-9542-4798-AD83-8F7029C39F63} = {5591714C-195D-40A3-907F-8DBA72F0FE0E}
		{95CD4C22-8078-4180-A602-D2892850E9D0} = {8CA2E168-90ED-4BE5-BB46-BBCB4652AA0B}
		{3AE88CBD-9A01-4FE7-B429-FEA361618745} = {8CA2E168-90ED-4BE5-BB46-BBCB4652AA0B}
		{C19D63B4-4C0C-4354-AE0C-98643359028F} = {8CA2E168-90ED-4BE5-BB46-BBCB4652AA0B}
		{F5A2619F-AC4F-4AD2-BE6C-FDE3A4D271E5} = {AC5EBA7B-602B-41A4-BF10-E952686731CA}
		{84D12477-CC45-4C42-927A-E8F464452DD7} = {AC5EBA7B-602B-41A4-BF10-E952686731CA}
		{585CEB7A-57BC-4DA4-8A93-0F58C928BF4E} = {AC5EBA7B-602B-41A4-BF10-E952686731CA}
		{466A7B48-84A2-4A0C-86A3-424585A60909} = {D89D67C2-E8AF-4259-8E08-163510806AE1}
		{405014EE-1088-4C0A-A3AF-C3923A07F10E} = {D89D67C2-E8AF-4259-8E08-163510806AE1}
		{02BA2235-8BB6-4674-AA94-909F802E81AB} = {D89D67C2-E8AF-4259-8E08-163510806AE1}
		{34EE8DC0-B7DC-4E71-AE23-E6AADA932D66} = {FB2AE85C-9477-424D-B68D-2ED521CDDDCA}
		{E85442F0-0738-440E-BCB2-3D46636BC751} = {FB2AE85C-9477-424D-B68D-2ED521CDDDCA}
		{0E67ED11-F622-4D59-BFC9-DA460BBA68B4} = {FB2AE85C-9477-424D-B68D-2ED521CDDDCA}
		{9C0594ED-1CC7-436F-97B8-916022B04B16} = {B1A23B54-C370-49C3-8626-57D57B4DE4AF}
		{939E5AB6-291D-4576-BFBD-0C7827A65CC8} = {B1A23B54-C370-49C3-8626-57D57B4DE4AF}
		{DCCE19F3-0A21-479B-8EA7-DEE6D5BA50FA} = {B1A23B54-C370-49C3-8626-57D57B4DE4AF}
		{EE9DF285-837A-4FCA-B276-EE5C9AA49F99} = {2520D408-2E42-4410-9C17-777B36B58026}
		{7AFCCF5E-6174-47BC-814E-7D9496F5B8C6} = {2520D408-2E42-4410-9C17-777B36B58026}
		{3CE3C081-195C-432B-A17B-33FF4D85B33A} = {2520D408-2E42-4410-9C17-777B36B58026}
	EndGlobalSection
	GlobalSection(ExtensibilityGlobals) = postSolution
		SolutionGuid = {6569A214-414B-4F3F-B02C-19B5193270BA}
	EndGlobalSection
EndGlobal
