
Microsoft Visual Studio Solution File, Format Version 12.00
# Visual Studio Version 17
VisualStudioVersion = 17.14.36414.22
MinimumVisualStudioVersion = 10.0.40219.1
Project("{2150E333-8FDC-42A3-9474-1A3956D46DE8}") = "Task0", "Task0", "{02EA681E-C7D8-13C7-8484-4AC65E1B71E8}"
EndProject
Project("{FAE04EC0-301F-11D3-BF4B-00C04F79EFBC}") = "Tyuiu.AlekseevaVA.Sprint0.Task0.V0", "Tyuiu.AlekseevaVA.Sprint0.Task0.V0\Tyuiu.AlekseevaVA.Sprint0.Task0.V0.csproj", "{B07F73B9-1136-46A3-AC31-B106D6F66C86}"
EndProject
Project("{2150E333-8FDC-42A3-9474-1A3956D46DE8}") = "Task1", "Task1", "{5591714C-195D-40A3-907F-8DBA72F0FE0E}"
EndProject
Project("{FAE04EC0-301F-11D3-BF4B-00C04F79EFBC}") = "Tyuiu.AlekseevaVA.Sprint0.Task1.V0", "Tyuiu.AlekseevaVA.Sprint0.Task1.V0\Tyuiu.AlekseevaVA.Sprint0.Task1.V0.csproj", "{FD53AEAC-9542-4798-AD83-8F7029C39F63}"
EndProject
Project("{2150E333-8FDC-42A3-9474-1A3956D46DE8}") = "Task2", "Task2", "{8CA2E168-90ED-4BE5-BB46-BBCB4652AA0B}"
EndProject
Project("{FAE04EC0-301F-11D3-BF4B-00C04F79EFBC}") = "Tyuiu.AlekseevaVA.Sprint0.Task2.V0", "Tyuiu.AlekseevaVA.Sprint0.Task2.V0\Tyuiu.AlekseevaVA.Sprint0.Task2.V0.csproj", "{95CD4C22-8078-4180-A602-D2892850E9D0}"
EndProject
Project("{FAE04EC0-301F-11D3-BF4B-00C04F79EFBC}") = "Tyuiu.AlekseevaVA.Sprint0.Task2.V0.Lib", "Tyuiu.AlekseevaVA.Sprint0.Task2.V0.Lib\Tyuiu.AlekseevaVA.Sprint0.Task2.V0.Lib.csproj", "{3AE88CBD-9A01-4FE7-B429-FEA361618745}"
EndProject
Project("{FAE04EC0-301F-11D3-BF4B-00C04F79EFBC}") = "Tyuiu.AlekseevaVA.Sprint0.Task2.V0.Test", "Tyuiu.AlekseevaVA.Sprint0.Task2.V0.Test\Tyuiu.AlekseevaVA.Sprint0.Task2.V0.Test.csproj", "{C19D63B4-4C0C-4354-AE0C-98643359028F}"
EndProject
Project("{2150E333-8FDC-42A3-9474-1A3956D46DE8}") = "Task3", "Task3", "{AC5EBA7B-602B-41A4-BF10-E952686731CA}"
EndProject
Project("{FAE04EC0-301F-11D3-BF4B-00C04F79EFBC}") = "Tyuiu.AlekseevaVA.Sprint0.Task3.V0", "Tyuiu.AlekseevaVA.Sprint0.Task3.V0\Tyuiu.AlekseevaVA.Sprint0.Task3.V0.csproj", "{F5A2619F-AC4F-4AD2-BE6C-FDE3A4D271E5}"
EndProject
Project("{FAE04EC0-301F-11D3-BF4B-00C04F79EFBC}") = "Tyuiu.AlekseevaVA.Sprint0.Task3.V0.Lib", "Tyuiu.AlekseevaVA.Sprint0.Task3.V0.Lib\Tyuiu.AlekseevaVA.Sprint0.Task3.V0.Lib.csproj", "{84D12477-CC45-4C42-927A-E8F464452DD7}"
EndProject
Project("{FAE04EC0-301F-11D3-BF4B-00C04F79EFBC}") = "Tyuiu.AlekseevaVA.Sprint0.Task3.V0.Test", "Tyuiu.AlekseevaVA.Sprint0.Task3.V0.Test\Tyuiu.AlekseevaVA.Sprint0.Task3.V0.Test.csproj", "{585CEB7A-57BC-4DA4-8A93-0F58C928BF4E}"
EndProject
Global
	GlobalSection(SolutionConfigurationPlatforms) = preSolution
		Debug|Any CPU = Debug|Any CPU
		Release|Any CPU = Release|Any CPU
	EndGlobalSection
	GlobalSection(ProjectConfigurationPlatforms) = postSolution
		{B07F73B9-1136-46A3-AC31-B106D6F66C86}.Debug|Any CPU.ActiveCfg = Debug|Any CPU
		{B07F73B9-1136-46A3-AC31-B106D6F66C86}.Debug|Any CPU.Build.0 = Debug|Any CPU
		{B07F73B9-1136-46A3-AC31-B106D6F66C86}.Release|Any CPU.ActiveCfg = Release|Any CPU
		{B07F73B9-1136-46A3-AC31-B106D6F66C86}.Release|Any CPU.Build.0 = Release|Any CPU
		{FD53AEAC-9542-4798-AD83-8F7029C39F63}.Debug|Any CPU.ActiveCfg = Debug|Any CPU
		{FD53AEAC-9542-4798-AD83-8F7029C39F63}.Debug|Any CPU.Build.0 = Debug|Any CPU
		{FD53AEAC-9542-4798-AD83-8F7029C39F63}.Release|Any CPU.ActiveCfg = Release|Any CPU
		{FD53AEAC-9542-4798-AD83-8F7029C39F63}.Release|Any CPU.Build.0 = Release|Any CPU
		{95CD4C22-8078-4180-A602-D2892850E9D0}.Debug|Any CPU.ActiveCfg = Debug|Any CPU
		{95CD4C22-8078-4180-A602-D2892850E9D0}.Debug|Any CPU.Build.0 = Debug|Any CPU
		{95CD4C22-8078-4180-A602-D2892850E9D0}.Release|Any CPU.ActiveCfg = Release|Any CPU
		{95CD4C22-8078-4180-A602-D2892850E9D0}.Release|Any CPU.Build.0 = Release|Any CPU
		{3AE88CBD-9A01-4FE7-B429-FEA361618745}.Debug|Any CPU.ActiveCfg = Debug|Any CPU
		{3AE88CBD-9A01-4FE7-B429-FEA361618745}.Debug|Any CPU.Build.0 = Debug|Any CPU
		{3AE88CBD-9A01-4FE7-B429-FEA361618745}.Release|Any CPU.ActiveCfg = Release|Any CPU
		{3AE88CBD-9A01-4FE7-B429-FEA361618745}.Release|Any CPU.Build.0 = Release|Any CPU
		{C19D63B4-4C0C-4354-AE0C-98643359028F}.Debug|Any CPU.ActiveCfg = Debug|Any CPU
		{C19D63B4-4C0C-4354-AE0C-98643359028F}.Debug|Any CPU.Build.0 = Debug|Any CPU
		{C19D63B4-4C0C-4354-AE0C-98643359028F}.Release|Any CPU.ActiveCfg = Release|Any CPU
		{C19D63B4-4C0C-4354-AE0C-98643359028F}.Release|Any CPU.Build.0 = Release|Any CPU
		{F5A2619F-AC4F-4AD2-BE6C-FDE3A4D271E5}.Debug|Any CPU.ActiveCfg = Debug|Any CPU
		{F5A2619F-AC4F-4AD2-BE6C-FDE3A4D271E5}.Debug|Any CPU.Build.0 = Debug|Any CPU
		{F5A2619F-AC4F-4AD2-BE6C-FDE3A4D271E5}.Release|Any CPU.ActiveCfg = Release|Any CPU
		{F5A2619F-AC4F-4AD2-BE6C-FDE3A4D271E5}.Release|Any CPU.Build.0 = Release|Any CPU
		{84D12477-CC45-4C42-927A-E8F464452DD7}.Debug|Any CPU.ActiveCfg = Debug|Any CPU
		{84D12477-CC45-4C42-927A-E8F464452DD7}.Debug|Any CPU.Build.0 = Debug|Any CPU
		{84D12477-CC45-4C42-927A-E8F464452DD7}.Release|Any CPU.ActiveCfg = Release|Any CPU
		{84D12477-CC45-4C42-927A-E8F464452DD7}.Release|Any CPU.Build.0 = Release|Any CPU
		{585CEB7A-57BC-4DA4-8A93-0F58C928BF4E}.Debug|Any CPU.ActiveCfg = Debug|Any CPU
		{585CEB7A-57BC-4DA4-8A93-0F58C928BF4E}.Debug|Any CPU.Build.0 = Debug|Any CPU
		{585CEB7A-57BC-4DA4-8A93-0F58C928BF4E}.Release|Any CPU.ActiveCfg = Release|Any CPU
		{585CEB7A-57BC-4DA4-8A93-0F58C928BF4E}.Release|Any CPU.Build.0 = Release|Any CPU
	EndGlobalSection
	GlobalSection(SolutionProperties) = preSolution
		HideSolutionNode = FALSE
	EndGlobalSection
	GlobalSection(NestedProjects) = preSolution
		{B07F73B9-1136-46A3-AC31-B106D6F66C86} = {02EA681E-C7D8-13C7-8484-4AC65E1B71E8}
		{FD53AEAC-9542-4798-AD83-8F7029C39F63} = {5591714C-195D-40A3-907F-8DBA72F0FE0E}
		{95CD4C22-8078-4180-A602-D2892850E9D0} = {8CA2E168-90ED-4BE5-BB46-BBCB4652AA0B}
		{3AE88CBD-9A01-4FE7-B429-FEA361618745} = {8CA2E168-90ED-4BE5-BB46-BBCB4652AA0B}
		{C19D63B4-4C0C-4354-AE0C-98643359028F} = {8CA2E168-90ED-4BE5-BB46-BBCB4652AA0B}
		{F5A2619F-AC4F-4AD2-BE6C-FDE3A4D271E5} = {AC5EBA7B-602B-41A4-BF10-E952686731CA}
		{84D12477-CC45-4C42-927A-E8F464452DD7} = {AC5EBA7B-602B-41A4-BF10-E952686731CA}
		{585CEB7A-57BC-4DA4-8A93-0F58C928BF4E} = {AC5EBA7B-602B-41A4-BF10-E952686731CA}
	EndGlobalSection
	GlobalSection(ExtensibilityGlobals) = postSolution
		SolutionGuid = {6569A214-414B-4F3F-B02C-19B5193270BA}
	EndGlobalSection
EndGlobal
